// !$*UTF8*$!
{
	archiveVersion = 1;
	classes = {
	};
	objectVersion = 71;
	objects = {

/* Begin PBXBuildFile section */
		A1C000000000000000000001 /* AppIcon.icon in Resources */ = {isa = PBXBuildFile; fileRef = B1C000000000000000000001 /* AppIcon.icon */; };
		A19800000000000000000003 /* CompanyReferenceCatalog.swift in Sources */ = {isa = PBXBuildFile; fileRef = B19800000000000000000003 /* CompanyReferenceCatalog.swift */; };
		A199000000000000000000E2 /* PublicInvestorView.swift in Sources */ = {isa = PBXBuildFile; fileRef = B199000000000000000000E2 /* PublicInvestorView.swift */; };
		A199000000000000000000E1 /* PublicInvestorCatalog.swift in Sources */ = {isa = PBXBuildFile; fileRef = B199000000000000000000E1 /* PublicInvestorCatalog.swift */; };
		A19800000000000000000004 /* company_reference.json in Resources */ = {isa = PBXBuildFile; fileRef = B19800000000000000000004 /* company_reference.json */; };
		A199000000000000000000E3 /* public_investors.json in Resources */ = {isa = PBXBuildFile; fileRef = B199000000000000000000E3 /* public_investors.json */; };
		A19800000000000000000011 /* stock_splits.json in Resources */ = {isa = PBXBuildFile; fileRef = B19800000000000000000011 /* stock_splits.json */; };
		A19900000000000000FF32 /* gbp_fx_daily.json in Resources */ = {isa = PBXBuildFile; fileRef = B19900000000000000FF32 /* gbp_fx_daily.json */; };
		A19900000000000000FF22 /* fund_fees.json in Resources */ = {isa = PBXBuildFile; fileRef = B19900000000000000FF22 /* fund_fees.json */; };
		A19800000000000000000012 /* etf_sector_composition.json in Resources */ = {isa = PBXBuildFile; fileRef = B19800000000000000000012 /* etf_sector_composition.json */; };
		A19800000000000000000014 /* etf_holdings.json in Resources */ = {isa = PBXBuildFile; fileRef = B19800000000000000000014 /* etf_holdings.json */; };
		A10000000000000000000001 /* CatfolioIOSApp.swift in Sources */ = {isa = PBXBuildFile; fileRef = B10000000000000000000001 /* CatfolioIOSApp.swift */; };
		A10000000000000000000002 /* Models.swift in Sources */ = {isa = PBXBuildFile; fileRef = B10000000000000000000002 /* Models.swift */; };
		A10000000000000000000003 /* APIClient.swift in Sources */ = {isa = PBXBuildFile; fileRef = B10000000000000000000003 /* APIClient.swift */; };
		A10000000000000000000004 /* DesignSystem.swift in Sources */ = {isa = PBXBuildFile; fileRef = B10000000000000000000004 /* DesignSystem.swift */; };
		A10000000000000000000005 /* RootTabView.swift in Sources */ = {isa = PBXBuildFile; fileRef = B10000000000000000000005 /* RootTabView.swift */; };
		A10000000000000000000006 /* PortfolioView.swift in Sources */ = {isa = PBXBuildFile; fileRef = B10000000000000000000006 /* PortfolioView.swift */; };
		A10000000000000000000007 /* VolumeProfileView.swift in Sources */ = {isa = PBXBuildFile; fileRef = B10000000000000000000007 /* VolumeProfileView.swift */; };
		A10000000000000000000008 /* ReturnsView.swift in Sources */ = {isa = PBXBuildFile; fileRef = B10000000000000000000008 /* ReturnsView.swift */; };
		A10000000000000000000009 /* AIView.swift in Sources */ = {isa = PBXBuildFile; fileRef = B10000000000000000000009 /* AIView.swift */; };
		A1000000000000000000000A /* SettingsView.swift in Sources */ = {isa = PBXBuildFile; fileRef = B1000000000000000000000A /* SettingsView.swift */; };
		A1000000000000000000000B /* Assets.xcassets in Resources */ = {isa = PBXBuildFile; fileRef = B1000000000000000000000B /* Assets.xcassets */; };
		A1000000000000000000000C /* ETFLookThroughView.swift in Sources */ = {isa = PBXBuildFile; fileRef = B1000000000000000000000E /* ETFLookThroughView.swift */; };
		A1000000000000000000000D /* CSVImportView.swift in Sources */ = {isa = PBXBuildFile; fileRef = B1000000000000000000000F /* CSVImportView.swift */; };
		A1000000000000000000000E /* KeychainStore.swift in Sources */ = {isa = PBXBuildFile; fileRef = B10000000000000000000010 /* KeychainStore.swift */; };
		A1000000000000000000000F /* IBKRFlexClient.swift in Sources */ = {isa = PBXBuildFile; fileRef = B10000000000000000000011 /* IBKRFlexClient.swift */; };
		A10000000000000000000010 /* IBKRFlexView.swift in Sources */ = {isa = PBXBuildFile; fileRef = B10000000000000000000012 /* IBKRFlexView.swift */; };
		A10000000000000000000011 /* MoomooOAuthClient.swift in Sources */ = {isa = PBXBuildFile; fileRef = B10000000000000000000013 /* MoomooOAuthClient.swift */; };
		A10000000000000000000012 /* MoomooOAuthView.swift in Sources */ = {isa = PBXBuildFile; fileRef = B10000000000000000000014 /* MoomooOAuthView.swift */; };
		A10000000000000000000013 /* Trading212Client.swift in Sources */ = {isa = PBXBuildFile; fileRef = B10000000000000000000015 /* Trading212Client.swift */; };
		A10000000000000000000014 /* Trading212View.swift in Sources */ = {isa = PBXBuildFile; fileRef = B10000000000000000000016 /* Trading212View.swift */; };
		A10000000000000000000015 /* LocalPortfolioStore.swift in Sources */ = {isa = PBXBuildFile; fileRef = B10000000000000000000017 /* LocalPortfolioStore.swift */; };
		A10000000000000000000016 /* LocalServices.swift in Sources */ = {isa = PBXBuildFile; fileRef = B10000000000000000000018 /* LocalServices.swift */; };
		A10000000000000000000017 /* sp500_holdings.json in Resources */ = {isa = PBXBuildFile; fileRef = B10000000000000000000019 /* sp500_holdings.json */; };
		A10000000000000000000018 /* PrivacyInfo.xcprivacy in Resources */ = {isa = PBXBuildFile; fileRef = B1000000000000000000001A /* PrivacyInfo.xcprivacy */; };
		A10000000000000000000019 /* eqqq_holdings.json in Resources */ = {isa = PBXBuildFile; fileRef = B1000000000000000000001B /* eqqq_holdings.json */; };
		A1000000000000000000001A /* LocalChatStore.swift in Sources */ = {isa = PBXBuildFile; fileRef = B1000000000000000000001C /* LocalChatStore.swift */; };
		A1000000000000000000001B /* ReturnsAnalyticsModels.swift in Sources */ = {isa = PBXBuildFile; fileRef = B1000000000000000000001D /* ReturnsAnalyticsModels.swift */; };
		A1000000000000000000001C /* LocalReturnsAnalytics.swift in Sources */ = {isa = PBXBuildFile; fileRef = B1000000000000000000001E /* LocalReturnsAnalytics.swift */; };
		A1000000000000000000001D /* ReturnsAnalyticsView.swift in Sources */ = {isa = PBXBuildFile; fileRef = B1000000000000000000001F /* ReturnsAnalyticsView.swift */; };
		A1000000000000000000001E /* HoldingsTreemapLayout.swift in Sources */ = {isa = PBXBuildFile; fileRef = B10000000000000000000020 /* HoldingsTreemapLayout.swift */; };
		A1000000000000000000001F /* HoldingsHeatmapTile.swift in Sources */ = {isa = PBXBuildFile; fileRef = B10000000000000000000021 /* HoldingsHeatmapTile.swift */; };
		A10000000000000000000020 /* HoldingsHeatmapView.swift in Sources */ = {isa = PBXBuildFile; fileRef = B10000000000000000000022 /* HoldingsHeatmapView.swift */; };
		A10000000000000000000021 /* PolymarketMarketsView.swift in Sources */ = {isa = PBXBuildFile; fileRef = B10000000000000000000023 /* PolymarketMarketsView.swift */; };
		A10000000000000000000022 /* CompanyFinancials.swift in Sources */ = {isa = PBXBuildFile; fileRef = B10000000000000000000024 /* CompanyFinancials.swift */; };
		A10000000000000000000023 /* CompanyFinancialsView.swift in Sources */ = {isa = PBXBuildFile; fileRef = B10000000000000000000025 /* CompanyFinancialsView.swift */; };
		A10000000000000000000024 /* StandardLineChart.swift in Sources */ = {isa = PBXBuildFile; fileRef = B10000000000000000000026 /* StandardLineChart.swift */; };
		A10000000000000000000025 /* AssetLogos in Resources */ = {isa = PBXBuildFile; fileRef = B10000000000000000000027 /* AssetLogos */; };
		A1000000000000000000002B /* HistoryView.swift in Sources */ = {isa = PBXBuildFile; fileRef = B1000000000000000000002D /* HistoryView.swift */; };
		A199000000000000000000AA /* RealisedProfitCalculator.swift in Sources */ = {isa = PBXBuildFile; fileRef = B199000000000000000000AA /* RealisedProfitCalculator.swift */; };
		A199000000000000000000AB /* FMPRateLimiter.swift in Sources */ = {isa = PBXBuildFile; fileRef = B199000000000000000000AB /* FMPRateLimiter.swift */; };
		A199000000000000000000AC /* NasdaqAnalystClient.swift in Sources */ = {isa = PBXBuildFile; fileRef = B199000000000000000000AC /* NasdaqAnalystClient.swift */; };
		A199000000000000000000AE /* TodayDetailView.swift in Sources */ = {isa = PBXBuildFile; fileRef = B199000000000000000000AE /* TodayDetailView.swift */; };
		A199000000000000000000AF /* SectorAttribution.swift in Sources */ = {isa = PBXBuildFile; fileRef = B199000000000000000000AF /* SectorAttribution.swift */; };
		A19900000000000000FF50 /* UKShareMatching.swift in Sources */ = {isa = PBXBuildFile; fileRef = B19900000000000000FF50 /* UKShareMatching.swift */; };
		A19900000000000000FF31 /* FXImpactCalculator.swift in Sources */ = {isa = PBXBuildFile; fileRef = B19900000000000000FF31 /* FXImpactCalculator.swift */; };
		A19900000000000000FF30 /* GBPFXRates.swift in Sources */ = {isa = PBXBuildFile; fileRef = B19900000000000000FF30 /* GBPFXRates.swift */; };
		A19900000000000000FF20 /* FundFeeCatalog.swift in Sources */ = {isa = PBXBuildFile; fileRef = B19900000000000000FF20 /* FundFeeCatalog.swift */; };
		A199000000000000000000D8 /* ReferenceCatalogs.swift in Sources */ = {isa = PBXBuildFile; fileRef = B199000000000000000000D8 /* ReferenceCatalogs.swift */; };
		A199000000000000000000D6 /* LegacyType.swift in Sources */ = {isa = PBXBuildFile; fileRef = B199000000000000000000D6 /* LegacyType.swift */; };
		A199000000000000000000D5 /* Typography.swift in Sources */ = {isa = PBXBuildFile; fileRef = B199000000000000000000D5 /* Typography.swift */; };
		A199000000000000000000D1 /* StockSplitCatalog.swift in Sources */ = {isa = PBXBuildFile; fileRef = B199000000000000000000D1 /* StockSplitCatalog.swift */; };
		A19900000000000000000001 /* ResearchView.swift in Sources */ = {isa = PBXBuildFile; fileRef = B19900000000000000000001 /* ResearchView.swift */; };
		A19900000000000000000002 /* StockScreenerView.swift in Sources */ = {isa = PBXBuildFile; fileRef = B19900000000000000000002 /* StockScreenerView.swift */; };
		A19900000000000000000003 /* AnalystConsensusView.swift in Sources */ = {isa = PBXBuildFile; fileRef = B19900000000000000000003 /* AnalystConsensusView.swift */; };
		A199000000000000000000A1 /* MoneyWeightedReturnCalculatorTests.swift in Sources */ = {isa = PBXBuildFile; fileRef = B199000000000000000000B1 /* MoneyWeightedReturnCalculatorTests.swift */; };
		A199000000000000000000A2 /* LocalPortfolioEngineTests.swift in Sources */ = {isa = PBXBuildFile; fileRef = B199000000000000000000B2 /* LocalPortfolioEngineTests.swift */; };
		A199000000000000000000E4 /* PublicInvestorCatalogTests.swift in Sources */ = {isa = PBXBuildFile; fileRef = B199000000000000000000E4 /* PublicInvestorCatalogTests.swift */; };
		A199000000000000000000A3 /* RealisedProfitCalculatorTests.swift in Sources */ = {isa = PBXBuildFile; fileRef = B199000000000000000000B3 /* RealisedProfitCalculatorTests.swift */; };
		A199000000000000000000A4 /* BrokerResultPreservationTests.swift in Sources */ = {isa = PBXBuildFile; fileRef = B199000000000000000000B4 /* BrokerResultPreservationTests.swift */; };
		A199000000000000000000A5 /* AnalystConsensusDataTests.swift in Sources */ = {isa = PBXBuildFile; fileRef = B199000000000000000000B5 /* AnalystConsensusDataTests.swift */; };
		A199000000000000000000A6 /* StockScreenerRulesTests.swift in Sources */ = {isa = PBXBuildFile; fileRef = B199000000000000000000B6 /* StockScreenerRulesTests.swift */; };
		A199000000000000000000A7 /* Trading212FillDecodingTests.swift in Sources */ = {isa = PBXBuildFile; fileRef = B199000000000000000000B7 /* Trading212FillDecodingTests.swift */; };
		A199000000000000000000AD /* NasdaqAnalystLogicTests.swift in Sources */ = {isa = PBXBuildFile; fileRef = B199000000000000000000AD /* NasdaqAnalystLogicTests.swift */; };
		A199000000000000000000C1 /* SectorAttributionTests.swift in Sources */ = {isa = PBXBuildFile; fileRef = B199000000000000000000C1 /* SectorAttributionTests.swift */; };
		A19900000000000000FF51 /* UKShareMatchingTests.swift in Sources */ = {isa = PBXBuildFile; fileRef = B19900000000000000FF51 /* UKShareMatchingTests.swift */; };
		A19900000000000000FF40 /* FXImpactTests.swift in Sources */ = {isa = PBXBuildFile; fileRef = B19900000000000000FF40 /* FXImpactTests.swift */; };
		A19900000000000000FF21 /* FundFeeTests.swift in Sources */ = {isa = PBXBuildFile; fileRef = B19900000000000000FF21 /* FundFeeTests.swift */; };
		A199000000000000000000D7 /* TypographyTests.swift in Sources */ = {isa = PBXBuildFile; fileRef = B199000000000000000000D7 /* TypographyTests.swift */; };
		A199000000000000000000D2 /* StockSplitTests.swift in Sources */ = {isa = PBXBuildFile; fileRef = B199000000000000000000D2 /* StockSplitTests.swift */; };
		AF5A00000000000000000001 /* ETFLookThroughExpansionTests.swift in Sources */ = {isa = PBXBuildFile; fileRef = BF5A00000000000000000001 /* ETFLookThroughExpansionTests.swift */; };
		A199000000000000000000C2 /* CompanyCIKSeedTests.swift in Sources */ = {isa = PBXBuildFile; fileRef = B199000000000000000000C2 /* CompanyCIKSeedTests.swift */; };
/* End PBXBuildFile section */

/* Begin PBXFileReference section */
		B1C000000000000000000001 /* AppIcon.icon */ = {isa = PBXFileReference; lastKnownFileType = folder.iconcomposer.icon; path = AppIcon.icon; sourceTree = "<group>"; };
		B19800000000000000000003 /* CompanyReferenceCatalog.swift */ = {isa = PBXFileReference; lastKnownFileType = sourcecode.swift; path = CompanyReferenceCatalog.swift; sourceTree = "<group>"; };
		B199000000000000000000E2 /* PublicInvestorView.swift */ = {isa = PBXFileReference; lastKnownFileType = sourcecode.swift; path = PublicInvestorView.swift; sourceTree = "<group>"; };
		B199000000000000000000E1 /* PublicInvestorCatalog.swift */ = {isa = PBXFileReference; lastKnownFileType = sourcecode.swift; path = PublicInvestorCatalog.swift; sourceTree = "<group>"; };
		B19800000000000000000004 /* company_reference.json */ = {isa = PBXFileReference; lastKnownFileType = text.json; path = company_reference.json; sourceTree = "<group>"; };
		B199000000000000000000E3 /* public_investors.json */ = {isa = PBXFileReference; lastKnownFileType = text.json; path = public_investors.json; sourceTree = "<group>"; };
		B19800000000000000000011 /* stock_splits.json */ = {isa = PBXFileReference; lastKnownFileType = text.json; path = stock_splits.json; sourceTree = "<group>"; };
		B19900000000000000FF32 /* gbp_fx_daily.json */ = {isa = PBXFileReference; lastKnownFileType = text.json; path = gbp_fx_daily.json; sourceTree = "<group>"; };
		B19900000000000000FF22 /* fund_fees.json */ = {isa = PBXFileReference; lastKnownFileType = text.json; path = fund_fees.json; sourceTree = "<group>"; };
		B19800000000000000000012 /* etf_sector_composition.json */ = {isa = PBXFileReference; lastKnownFileType = text.json; path = etf_sector_composition.json; sourceTree = "<group>"; };
		B19800000000000000000014 /* etf_holdings.json */ = {isa = PBXFileReference; lastKnownFileType = text.json; path = etf_holdings.json; sourceTree = "<group>"; };
		B19900000000000000000001 /* ResearchView.swift */ = {isa = PBXFileReference; lastKnownFileType = sourcecode.swift; path = ResearchView.swift; sourceTree = "<group>"; };
		B19900000000000000000002 /* StockScreenerView.swift */ = {isa = PBXFileReference; lastKnownFileType = sourcecode.swift; path = StockScreenerView.swift; sourceTree = "<group>"; };
		B19900000000000000000003 /* AnalystConsensusView.swift */ = {isa = PBXFileReference; lastKnownFileType = sourcecode.swift; path = AnalystConsensusView.swift; sourceTree = "<group>"; };
		B10000000000000000000001 /* CatfolioIOSApp.swift */ = {isa = PBXFileReference; lastKnownFileType = sourcecode.swift; path = CatfolioIOSApp.swift; sourceTree = "<group>"; };
		B10000000000000000000002 /* Models.swift */ = {isa = PBXFileReference; lastKnownFileType = sourcecode.swift; path = Models.swift; sourceTree = "<group>"; };
		B10000000000000000000003 /* APIClient.swift */ = {isa = PBXFileReference; lastKnownFileType = sourcecode.swift; path = APIClient.swift; sourceTree = "<group>"; };
		B10000000000000000000004 /* DesignSystem.swift */ = {isa = PBXFileReference; lastKnownFileType = sourcecode.swift; path = DesignSystem.swift; sourceTree = "<group>"; };
		B10000000000000000000005 /* RootTabView.swift */ = {isa = PBXFileReference; lastKnownFileType = sourcecode.swift; path = RootTabView.swift; sourceTree = "<group>"; };
		B10000000000000000000006 /* PortfolioView.swift */ = {isa = PBXFileReference; lastKnownFileType = sourcecode.swift; path = PortfolioView.swift; sourceTree = "<group>"; };
		B10000000000000000000007 /* VolumeProfileView.swift */ = {isa = PBXFileReference; lastKnownFileType = sourcecode.swift; path = VolumeProfileView.swift; sourceTree = "<group>"; };
		B10000000000000000000008 /* ReturnsView.swift */ = {isa = PBXFileReference; lastKnownFileType = sourcecode.swift; path = ReturnsView.swift; sourceTree = "<group>"; };
		B10000000000000000000009 /* AIView.swift */ = {isa = PBXFileReference; lastKnownFileType = sourcecode.swift; path = AIView.swift; sourceTree = "<group>"; };
		B1000000000000000000000A /* SettingsView.swift */ = {isa = PBXFileReference; lastKnownFileType = sourcecode.swift; path = SettingsView.swift; sourceTree = "<group>"; };
		B1000000000000000000000B /* Assets.xcassets */ = {isa = PBXFileReference; lastKnownFileType = folder.assetcatalog; path = Assets.xcassets; sourceTree = "<group>"; };
		B1000000000000000000000C /* Info.plist */ = {isa = PBXFileReference; lastKnownFileType = text.plist.xml; path = Info.plist; sourceTree = "<group>"; };
		B1000000000000000000000D /* CatfolioIOS.app */ = {isa = PBXFileReference; explicitFileType = wrapper.application; includeInIndex = 0; path = CatfolioIOS.app; sourceTree = BUILT_PRODUCTS_DIR; };
		B1000000000000000000000E /* ETFLookThroughView.swift */ = {isa = PBXFileReference; lastKnownFileType = sourcecode.swift; path = ETFLookThroughView.swift; sourceTree = "<group>"; };
		B1000000000000000000000F /* CSVImportView.swift */ = {isa = PBXFileReference; lastKnownFileType = sourcecode.swift; path = CSVImportView.swift; sourceTree = "<group>"; };
		B10000000000000000000010 /* KeychainStore.swift */ = {isa = PBXFileReference; lastKnownFileType = sourcecode.swift; path = KeychainStore.swift; sourceTree = "<group>"; };
		B10000000000000000000011 /* IBKRFlexClient.swift */ = {isa = PBXFileReference; lastKnownFileType = sourcecode.swift; path = IBKRFlexClient.swift; sourceTree = "<group>"; };
		B10000000000000000000012 /* IBKRFlexView.swift */ = {isa = PBXFileReference; lastKnownFileType = sourcecode.swift; path = IBKRFlexView.swift; sourceTree = "<group>"; };
		B10000000000000000000013 /* MoomooOAuthClient.swift */ = {isa = PBXFileReference; lastKnownFileType = sourcecode.swift; path = MoomooOAuthClient.swift; sourceTree = "<group>"; };
		B10000000000000000000014 /* MoomooOAuthView.swift */ = {isa = PBXFileReference; lastKnownFileType = sourcecode.swift; path = MoomooOAuthView.swift; sourceTree = "<group>"; };
		B10000000000000000000015 /* Trading212Client.swift */ = {isa = PBXFileReference; lastKnownFileType = sourcecode.swift; path = Trading212Client.swift; sourceTree = "<group>"; };
		B10000000000000000000016 /* Trading212View.swift */ = {isa = PBXFileReference; lastKnownFileType = sourcecode.swift; path = Trading212View.swift; sourceTree = "<group>"; };
		B10000000000000000000017 /* LocalPortfolioStore.swift */ = {isa = PBXFileReference; lastKnownFileType = sourcecode.swift; path = LocalPortfolioStore.swift; sourceTree = "<group>"; };
		B10000000000000000000018 /* LocalServices.swift */ = {isa = PBXFileReference; lastKnownFileType = sourcecode.swift; path = LocalServices.swift; sourceTree = "<group>"; };
		B10000000000000000000019 /* sp500_holdings.json */ = {isa = PBXFileReference; lastKnownFileType = text.json; path = sp500_holdings.json; sourceTree = "<group>"; };
		B1000000000000000000001A /* PrivacyInfo.xcprivacy */ = {isa = PBXFileReference; lastKnownFileType = text.xml; path = PrivacyInfo.xcprivacy; sourceTree = "<group>"; };
		B1000000000000000000001B /* eqqq_holdings.json */ = {isa = PBXFileReference; lastKnownFileType = text.json; path = eqqq_holdings.json; sourceTree = "<group>"; };
		B1000000000000000000001C /* LocalChatStore.swift */ = {isa = PBXFileReference; lastKnownFileType = sourcecode.swift; path = LocalChatStore.swift; sourceTree = "<group>"; };
		B1000000000000000000001D /* ReturnsAnalyticsModels.swift */ = {isa = PBXFileReference; lastKnownFileType = sourcecode.swift; path = ReturnsAnalyticsModels.swift; sourceTree = "<group>"; };
		B1000000000000000000001E /* LocalReturnsAnalytics.swift */ = {isa = PBXFileReference; lastKnownFileType = sourcecode.swift; path = LocalReturnsAnalytics.swift; sourceTree = "<group>"; };
		B1000000000000000000001F /* ReturnsAnalyticsView.swift */ = {isa = PBXFileReference; lastKnownFileType = sourcecode.swift; path = ReturnsAnalyticsView.swift; sourceTree = "<group>"; };
		B10000000000000000000020 /* HoldingsTreemapLayout.swift */ = {isa = PBXFileReference; lastKnownFileType = sourcecode.swift; path = HoldingsTreemapLayout.swift; sourceTree = "<group>"; };
		B10000000000000000000021 /* HoldingsHeatmapTile.swift */ = {isa = PBXFileReference; lastKnownFileType = sourcecode.swift; path = HoldingsHeatmapTile.swift; sourceTree = "<group>"; };
		B10000000000000000000022 /* HoldingsHeatmapView.swift */ = {isa = PBXFileReference; lastKnownFileType = sourcecode.swift; path = HoldingsHeatmapView.swift; sourceTree = "<group>"; };
		B10000000000000000000023 /* PolymarketMarketsView.swift */ = {isa = PBXFileReference; lastKnownFileType = sourcecode.swift; path = PolymarketMarketsView.swift; sourceTree = "<group>"; };
		B10000000000000000000024 /* CompanyFinancials.swift */ = {isa = PBXFileReference; lastKnownFileType = sourcecode.swift; path = CompanyFinancials.swift; sourceTree = "<group>"; };
		B10000000000000000000025 /* CompanyFinancialsView.swift */ = {isa = PBXFileReference; lastKnownFileType = sourcecode.swift; path = CompanyFinancialsView.swift; sourceTree = "<group>"; };
		B10000000000000000000026 /* StandardLineChart.swift */ = {isa = PBXFileReference; lastKnownFileType = sourcecode.swift; path = StandardLineChart.swift; sourceTree = "<group>"; };
		B10000000000000000000027 /* AssetLogos */ = {isa = PBXFileReference; lastKnownFileType = folder; path = AssetLogos; sourceTree = "<group>"; };
		B1000000000000000000002D /* HistoryView.swift */ = {isa = PBXFileReference; lastKnownFileType = sourcecode.swift; path = HistoryView.swift; sourceTree = "<group>"; };
		B199000000000000000000AA /* RealisedProfitCalculator.swift */ = {isa = PBXFileReference; lastKnownFileType = sourcecode.swift; path = RealisedProfitCalculator.swift; sourceTree = "<group>"; };
		B199000000000000000000AB /* FMPRateLimiter.swift */ = {isa = PBXFileReference; lastKnownFileType = sourcecode.swift; path = FMPRateLimiter.swift; sourceTree = "<group>"; };
		B199000000000000000000AC /* NasdaqAnalystClient.swift */ = {isa = PBXFileReference; lastKnownFileType = sourcecode.swift; path = NasdaqAnalystClient.swift; sourceTree = "<group>"; };
		B199000000000000000000AE /* TodayDetailView.swift */ = {isa = PBXFileReference; lastKnownFileType = sourcecode.swift; path = TodayDetailView.swift; sourceTree = "<group>"; };
		B199000000000000000000AF /* SectorAttribution.swift */ = {isa = PBXFileReference; lastKnownFileType = sourcecode.swift; path = SectorAttribution.swift; sourceTree = "<group>"; };
		B19900000000000000FF50 /* UKShareMatching.swift */ = {isa = PBXFileReference; lastKnownFileType = sourcecode.swift; path = UKShareMatching.swift; sourceTree = "<group>"; };
		B19900000000000000FF31 /* FXImpactCalculator.swift */ = {isa = PBXFileReference; lastKnownFileType = sourcecode.swift; path = FXImpactCalculator.swift; sourceTree = "<group>"; };
		B19900000000000000FF30 /* GBPFXRates.swift */ = {isa = PBXFileReference; lastKnownFileType = sourcecode.swift; path = GBPFXRates.swift; sourceTree = "<group>"; };
		B19900000000000000FF20 /* FundFeeCatalog.swift */ = {isa = PBXFileReference; lastKnownFileType = sourcecode.swift; path = FundFeeCatalog.swift; sourceTree = "<group>"; };
		B199000000000000000000D8 /* ReferenceCatalogs.swift */ = {isa = PBXFileReference; lastKnownFileType = sourcecode.swift; path = ReferenceCatalogs.swift; sourceTree = "<group>"; };
		B199000000000000000000D6 /* LegacyType.swift */ = {isa = PBXFileReference; lastKnownFileType = sourcecode.swift; path = LegacyType.swift; sourceTree = "<group>"; };
		B199000000000000000000D5 /* Typography.swift */ = {isa = PBXFileReference; lastKnownFileType = sourcecode.swift; path = Typography.swift; sourceTree = "<group>"; };
		B199000000000000000000D1 /* StockSplitCatalog.swift */ = {isa = PBXFileReference; lastKnownFileType = sourcecode.swift; path = StockSplitCatalog.swift; sourceTree = "<group>"; };
		B199000000000000000000B0 /* CatfolioIOSTests.xctest */ = {isa = PBXFileReference; explicitFileType = wrapper.cfbundle; includeInIndex = 0; path = CatfolioIOSTests.xctest; sourceTree = BUILT_PRODUCTS_DIR; };
		B199000000000000000000B1 /* MoneyWeightedReturnCalculatorTests.swift */ = {isa = PBXFileReference; lastKnownFileType = sourcecode.swift; path = MoneyWeightedReturnCalculatorTests.swift; sourceTree = "<group>"; };
		B199000000000000000000B2 /* LocalPortfolioEngineTests.swift */ = {isa = PBXFileReference; lastKnownFileType = sourcecode.swift; path = LocalPortfolioEngineTests.swift; sourceTree = "<group>"; };
		B199000000000000000000E4 /* PublicInvestorCatalogTests.swift */ = {isa = PBXFileReference; lastKnownFileType = sourcecode.swift; path = PublicInvestorCatalogTests.swift; sourceTree = "<group>"; };
		B199000000000000000000B3 /* RealisedProfitCalculatorTests.swift */ = {isa = PBXFileReference; lastKnownFileType = sourcecode.swift; path = RealisedProfitCalculatorTests.swift; sourceTree = "<group>"; };
		B199000000000000000000B4 /* BrokerResultPreservationTests.swift */ = {isa = PBXFileReference; lastKnownFileType = sourcecode.swift; path = BrokerResultPreservationTests.swift; sourceTree = "<group>"; };
		B199000000000000000000B5 /* AnalystConsensusDataTests.swift */ = {isa = PBXFileReference; lastKnownFileType = sourcecode.swift; path = AnalystConsensusDataTests.swift; sourceTree = "<group>"; };
		B199000000000000000000B6 /* StockScreenerRulesTests.swift */ = {isa = PBXFileReference; lastKnownFileType = sourcecode.swift; path = StockScreenerRulesTests.swift; sourceTree = "<group>"; };
		B199000000000000000000B7 /* Trading212FillDecodingTests.swift */ = {isa = PBXFileReference; lastKnownFileType = sourcecode.swift; path = Trading212FillDecodingTests.swift; sourceTree = "<group>"; };
		B199000000000000000000AD /* NasdaqAnalystLogicTests.swift */ = {isa = PBXFileReference; lastKnownFileType = sourcecode.swift; path = NasdaqAnalystLogicTests.swift; sourceTree = "<group>"; };
		B199000000000000000000C1 /* SectorAttributionTests.swift */ = {isa = PBXFileReference; lastKnownFileType = sourcecode.swift; path = SectorAttributionTests.swift; sourceTree = "<group>"; };
		B19900000000000000FF51 /* UKShareMatchingTests.swift */ = {isa = PBXFileReference; lastKnownFileType = sourcecode.swift; path = UKShareMatchingTests.swift; sourceTree = "<group>"; };
		B19900000000000000FF40 /* FXImpactTests.swift */ = {isa = PBXFileReference; lastKnownFileType = sourcecode.swift; path = FXImpactTests.swift; sourceTree = "<group>"; };
		B19900000000000000FF21 /* FundFeeTests.swift */ = {isa = PBXFileReference; lastKnownFileType = sourcecode.swift; path = FundFeeTests.swift; sourceTree = "<group>"; };
		B199000000000000000000D7 /* TypographyTests.swift */ = {isa = PBXFileReference; lastKnownFileType = sourcecode.swift; path = TypographyTests.swift; sourceTree = "<group>"; };
		B199000000000000000000D2 /* StockSplitTests.swift */ = {isa = PBXFileReference; lastKnownFileType = sourcecode.swift; path = StockSplitTests.swift; sourceTree = "<group>"; };
		BF5A00000000000000000001 /* ETFLookThroughExpansionTests.swift */ = {isa = PBXFileReference; lastKnownFileType = sourcecode.swift; path = ETFLookThroughExpansionTests.swift; sourceTree = "<group>"; };
		B199000000000000000000C2 /* CompanyCIKSeedTests.swift */ = {isa = PBXFileReference; lastKnownFileType = sourcecode.swift; path = CompanyCIKSeedTests.swift; sourceTree = "<group>"; };
/* End PBXFileReference section */

/* Begin PBXFrameworksBuildPhase section */
		C10000000000000000000001 /* Frameworks */ = {
			isa = PBXFrameworksBuildPhase;
			buildActionMask = 2147483647;
			files = (
			);
			runOnlyForDeploymentPostprocessing = 0;
		};
		C199000000000000000000C1 /* Frameworks */ = {
			isa = PBXFrameworksBuildPhase;
			buildActionMask = 2147483647;
			files = (
			);
			runOnlyForDeploymentPostprocessing = 0;
		};
/* End PBXFrameworksBuildPhase section */

/* Begin PBXGroup section */
		D10000000000000000000001 = {
			isa = PBXGroup;
			children = (
				D10000000000000000000002 /* CatfolioIOS */,
				D199000000000000000000D0 /* CatfolioIOSTests */,
				D10000000000000000000003 /* Products */,
			);
			sourceTree = "<group>";
		};
		D10000000000000000000002 /* CatfolioIOS */ = {
			isa = PBXGroup;
			children = (
				B1C000000000000000000001 /* AppIcon.icon */,
				B19800000000000000000003 /* CompanyReferenceCatalog.swift */,
				B199000000000000000000E2 /* PublicInvestorView.swift */,
				B199000000000000000000E1 /* PublicInvestorCatalog.swift */,
				B10000000000000000000001 /* CatfolioIOSApp.swift */,
				B10000000000000000000002 /* Models.swift */,
				B10000000000000000000003 /* APIClient.swift */,
				B10000000000000000000004 /* DesignSystem.swift */,
				B10000000000000000000005 /* RootTabView.swift */,
				B10000000000000000000006 /* PortfolioView.swift */,
				B10000000000000000000007 /* VolumeProfileView.swift */,
				B10000000000000000000008 /* ReturnsView.swift */,
				B10000000000000000000009 /* AIView.swift */,
				B1000000000000000000000A /* SettingsView.swift */,
				B1000000000000000000000E /* ETFLookThroughView.swift */,
				B1000000000000000000000F /* CSVImportView.swift */,
				B10000000000000000000010 /* KeychainStore.swift */,
				B10000000000000000000011 /* IBKRFlexClient.swift */,
				B10000000000000000000012 /* IBKRFlexView.swift */,
				B10000000000000000000013 /* MoomooOAuthClient.swift */,
				B10000000000000000000014 /* MoomooOAuthView.swift */,
				B10000000000000000000015 /* Trading212Client.swift */,
				B10000000000000000000016 /* Trading212View.swift */,
				B10000000000000000000017 /* LocalPortfolioStore.swift */,
				B10000000000000000000018 /* LocalServices.swift */,
				B1000000000000000000001C /* LocalChatStore.swift */,
				B1000000000000000000001D /* ReturnsAnalyticsModels.swift */,
				B1000000000000000000001E /* LocalReturnsAnalytics.swift */,
				B1000000000000000000001F /* ReturnsAnalyticsView.swift */,
				B10000000000000000000020 /* HoldingsTreemapLayout.swift */,
				B10000000000000000000021 /* HoldingsHeatmapTile.swift */,
				B10000000000000000000022 /* HoldingsHeatmapView.swift */,
				B10000000000000000000023 /* PolymarketMarketsView.swift */,
				B10000000000000000000024 /* CompanyFinancials.swift */,
				B10000000000000000000025 /* CompanyFinancialsView.swift */,
				B10000000000000000000026 /* StandardLineChart.swift */,
				B1000000000000000000002D /* HistoryView.swift */,
				B199000000000000000000AA /* RealisedProfitCalculator.swift */,
				B199000000000000000000AB /* FMPRateLimiter.swift */,
				B199000000000000000000AC /* NasdaqAnalystClient.swift */,
				B199000000000000000000AE /* TodayDetailView.swift */,
				B199000000000000000000AF /* SectorAttribution.swift */,
				B19900000000000000FF50 /* UKShareMatching.swift */,
				B19900000000000000FF31 /* FXImpactCalculator.swift */,
				B19900000000000000FF30 /* GBPFXRates.swift */,
				B19900000000000000FF20 /* FundFeeCatalog.swift */,
				B199000000000000000000D8 /* ReferenceCatalogs.swift */,
				B199000000000000000000D6 /* LegacyType.swift */,
				B199000000000000000000D5 /* Typography.swift */,
				B199000000000000000000D1 /* StockSplitCatalog.swift */,
				B19900000000000000000001 /* ResearchView.swift */,
				B19900000000000000000002 /* StockScreenerView.swift */,
				B19900000000000000000003 /* AnalystConsensusView.swift */,
				D10000000000000000000004 /* Resources */,
				B1000000000000000000001A /* PrivacyInfo.xcprivacy */,
				B1000000000000000000000B /* Assets.xcassets */,
				B1000000000000000000000C /* Info.plist */,
			);
			path = CatfolioIOS;
			sourceTree = "<group>";
		};
		D10000000000000000000004 /* Resources */ = {
			isa = PBXGroup;
			children = (
				B10000000000000000000027 /* AssetLogos */,
				B19800000000000000000004 /* company_reference.json */,
				B199000000000000000000E3 /* public_investors.json */,
				B19800000000000000000011 /* stock_splits.json */,
				B19900000000000000FF32 /* gbp_fx_daily.json */,
				B19900000000000000FF22 /* fund_fees.json */,
				B19800000000000000000012 /* etf_sector_composition.json */,
				B19800000000000000000014 /* etf_holdings.json */,
				D10000000000000000000005 /* ETF */,
				D10000000000000000000006 /* Fonts */,
			);
			path = Resources;
			sourceTree = "<group>";
		};
		D10000000000000000000005 /* ETF */ = {
			isa = PBXGroup;
			children = (
				B10000000000000000000019 /* sp500_holdings.json */,
				B1000000000000000000001B /* eqqq_holdings.json */,
			);
			path = ETF;
			sourceTree = "<group>";
		};
		D10000000000000000000006 /* Fonts */ = {
			isa = PBXGroup;
			children = (
			);
			path = Fonts;
			sourceTree = "<group>";
		};
		D10000000000000000000003 /* Products */ = {
			isa = PBXGroup;
			children = (
				B1000000000000000000000D /* CatfolioIOS.app */,
				B199000000000000000000B0 /* CatfolioIOSTests.xctest */,
			);
			name = Products;
			sourceTree = "<group>";
		};
		D199000000000000000000D0 /* CatfolioIOSTests */ = {
			isa = PBXGroup;
			children = (
				B199000000000000000000B1 /* MoneyWeightedReturnCalculatorTests.swift */,
				B199000000000000000000B2 /* LocalPortfolioEngineTests.swift */,
				B199000000000000000000E4 /* PublicInvestorCatalogTests.swift */,
				B199000000000000000000B3 /* RealisedProfitCalculatorTests.swift */,
				B199000000000000000000B4 /* BrokerResultPreservationTests.swift */,
				B199000000000000000000B5 /* AnalystConsensusDataTests.swift */,
				B199000000000000000000B6 /* StockScreenerRulesTests.swift */,
				B199000000000000000000B7 /* Trading212FillDecodingTests.swift */,
				B199000000000000000000AD /* NasdaqAnalystLogicTests.swift */,
				B199000000000000000000C1 /* SectorAttributionTests.swift */,
				B19900000000000000FF51 /* UKShareMatchingTests.swift */,
				B19900000000000000FF40 /* FXImpactTests.swift */,
				B19900000000000000FF21 /* FundFeeTests.swift */,
				B199000000000000000000D7 /* TypographyTests.swift */,
				B199000000000000000000D2 /* StockSplitTests.swift */,
				BF5A00000000000000000001 /* ETFLookThroughExpansionTests.swift */,
				B199000000000000000000C2 /* CompanyCIKSeedTests.swift */,
			);
			path = CatfolioIOSTests;
			sourceTree = "<group>";
		};
/* End PBXGroup section */

/* Begin PBXNativeTarget section */
		E10000000000000000000001 /* CatfolioIOS */ = {
			isa = PBXNativeTarget;
			buildConfigurationList = F10000000000000000000002 /* Build configuration list for PBXNativeTarget "CatfolioIOS" */;
			buildPhases = (
				C10000000000000000000002 /* Sources */,
				C10000000000000000000001 /* Frameworks */,
				C10000000000000000000003 /* Resources */,
			);
			buildRules = (
			);
			dependencies = (
			);
			name = CatfolioIOS;
			productName = CatfolioIOS;
			productReference = B1000000000000000000000D /* CatfolioIOS.app */;
			productType = "com.apple.product-type.application";
		};
		E199000000000000000000E0 /* CatfolioIOSTests */ = {
			isa = PBXNativeTarget;
			buildConfigurationList = F199000000000000000000F0 /* Build configuration list for PBXNativeTarget "CatfolioIOSTests" */;
			buildPhases = (
				C199000000000000000000C0 /* Sources */,
				C199000000000000000000C1 /* Frameworks */,
			);
			buildRules = (
			);
			dependencies = (
				E199000000000000000000E1 /* PBXTargetDependency */,
			);
			name = CatfolioIOSTests;
			productName = CatfolioIOSTests;
			productReference = B199000000000000000000B0 /* CatfolioIOSTests.xctest */;
			productType = "com.apple.product-type.bundle.unit-test";
		};
/* End PBXNativeTarget section */

/* Begin PBXContainerItemProxy section */
		E199000000000000000000E2 /* PBXContainerItemProxy */ = {
			isa = PBXContainerItemProxy;
			containerPortal = E10000000000000000000002 /* Project object */;
			proxyType = 1;
			remoteGlobalIDString = E10000000000000000000001;
			remoteInfo = CatfolioIOS;
		};
/* End PBXContainerItemProxy section */

/* Begin PBXTargetDependency section */
		E199000000000000000000E1 /* PBXTargetDependency */ = {
			isa = PBXTargetDependency;
			target = E10000000000000000000001 /* CatfolioIOS */;
			targetProxy = E199000000000000000000E2 /* PBXContainerItemProxy */;
		};
/* End PBXTargetDependency section */

/* Begin PBXProject section */
		E10000000000000000000002 /* Project object */ = {
			isa = PBXProject;
			attributes = {
				BuildIndependentTargetsInParallel = 1;
				LastSwiftUpdateCheck = 2650;
				LastUpgradeCheck = 2650;
				TargetAttributes = {
					E10000000000000000000001 = {
						CreatedOnToolsVersion = 26.5;
					};
					E199000000000000000000E0 = {
						CreatedOnToolsVersion = 26.5;
						TestTargetID = E10000000000000000000001;
					};
				};
			};
			buildConfigurationList = F10000000000000000000001 /* Build configuration list for PBXProject "CatfolioIOS" */;
			compatibilityVersion = "Xcode 16.0";
			developmentRegion = zh_Hans;
			hasScannedForEncodings = 0;
			knownRegions = (
				Base,
				en,
				zh_Hans,
			);
			mainGroup = D10000000000000000000001;
			productRefGroup = D10000000000000000000003 /* Products */;
			projectDirPath = "";
			projectRoot = "";
			targets = (
				E10000000000000000000001 /* CatfolioIOS */,
				E199000000000000000000E0 /* CatfolioIOSTests */,
			);
		};
/* End PBXProject section */

/* Begin PBXResourcesBuildPhase section */
		C10000000000000000000003 /* Resources */ = {
			isa = PBXResourcesBuildPhase;
			buildActionMask = 2147483647;
			files = (
				A1C000000000000000000001 /* AppIcon.icon in Resources */,
				A19800000000000000000004 /* company_reference.json in Resources */,
				A199000000000000000000E3 /* public_investors.json in Resources */,
				A19800000000000000000011 /* stock_splits.json in Resources */,
				A19900000000000000FF32 /* gbp_fx_daily.json in Resources */,
				A19900000000000000FF22 /* fund_fees.json in Resources */,
				A19800000000000000000012 /* etf_sector_composition.json in Resources */,
				A19800000000000000000014 /* etf_holdings.json in Resources */,
				A1000000000000000000000B /* Assets.xcassets in Resources */,
				A10000000000000000000025 /* AssetLogos in Resources */,
				A10000000000000000000017 /* sp500_holdings.json in Resources */,
				A10000000000000000000018 /* PrivacyInfo.xcprivacy in Resources */,
				A10000000000000000000019 /* eqqq_holdings.json in Resources */,
			);
			runOnlyForDeploymentPostprocessing = 0;
		};
/* End PBXResourcesBuildPhase section */

/* Begin PBXSourcesBuildPhase section */
		C10000000000000000000002 /* Sources */ = {
			isa = PBXSourcesBuildPhase;
			buildActionMask = 2147483647;
			files = (
				A19800000000000000000003 /* CompanyReferenceCatalog.swift in Sources */,
				A199000000000000000000E2 /* PublicInvestorView.swift in Sources */,
				A199000000000000000000E1 /* PublicInvestorCatalog.swift in Sources */,
				A10000000000000000000001 /* CatfolioIOSApp.swift in Sources */,
				A10000000000000000000002 /* Models.swift in Sources */,
				A10000000000000000000003 /* APIClient.swift in Sources */,
				A10000000000000000000004 /* DesignSystem.swift in Sources */,
				A10000000000000000000005 /* RootTabView.swift in Sources */,
				A10000000000000000000006 /* PortfolioView.swift in Sources */,
				A10000000000000000000007 /* VolumeProfileView.swift in Sources */,
				A10000000000000000000008 /* ReturnsView.swift in Sources */,
				A10000000000000000000009 /* AIView.swift in Sources */,
				A1000000000000000000000A /* SettingsView.swift in Sources */,
				A1000000000000000000000C /* ETFLookThroughView.swift in Sources */,
				A1000000000000000000000D /* CSVImportView.swift in Sources */,
				A1000000000000000000000E /* KeychainStore.swift in Sources */,
				A1000000000000000000000F /* IBKRFlexClient.swift in Sources */,
				A10000000000000000000010 /* IBKRFlexView.swift in Sources */,
				A10000000000000000000011 /* MoomooOAuthClient.swift in Sources */,
				A10000000000000000000012 /* MoomooOAuthView.swift in Sources */,
				A10000000000000000000013 /* Trading212Client.swift in Sources */,
				A10000000000000000000014 /* Trading212View.swift in Sources */,
				A10000000000000000000015 /* LocalPortfolioStore.swift in Sources */,
				A10000000000000000000016 /* LocalServices.swift in Sources */,
				A1000000000000000000001A /* LocalChatStore.swift in Sources */,
				A1000000000000000000001B /* ReturnsAnalyticsModels.swift in Sources */,
				A1000000000000000000001C /* LocalReturnsAnalytics.swift in Sources */,
				A1000000000000000000001D /* ReturnsAnalyticsView.swift in Sources */,
				A1000000000000000000001E /* HoldingsTreemapLayout.swift in Sources */,
				A1000000000000000000001F /* HoldingsHeatmapTile.swift in Sources */,
				A10000000000000000000020 /* HoldingsHeatmapView.swift in Sources */,
				A10000000000000000000021 /* PolymarketMarketsView.swift in Sources */,
				A10000000000000000000022 /* CompanyFinancials.swift in Sources */,
				A10000000000000000000023 /* CompanyFinancialsView.swift in Sources */,
				A10000000000000000000024 /* StandardLineChart.swift in Sources */,
				A1000000000000000000002B /* HistoryView.swift in Sources */,
				A199000000000000000000AA /* RealisedProfitCalculator.swift in Sources */,
				A199000000000000000000AB /* FMPRateLimiter.swift in Sources */,
				A199000000000000000000AC /* NasdaqAnalystClient.swift in Sources */,
				A199000000000000000000AE /* TodayDetailView.swift in Sources */,
				A199000000000000000000AF /* SectorAttribution.swift in Sources */,
				A19900000000000000FF50 /* UKShareMatching.swift in Sources */,
				A19900000000000000FF31 /* FXImpactCalculator.swift in Sources */,
				A19900000000000000FF30 /* GBPFXRates.swift in Sources */,
				A19900000000000000FF20 /* FundFeeCatalog.swift in Sources */,
				A199000000000000000000D8 /* ReferenceCatalogs.swift in Sources */,
				A199000000000000000000D6 /* LegacyType.swift in Sources */,
				A199000000000000000000D5 /* Typography.swift in Sources */,
				A199000000000000000000D1 /* StockSplitCatalog.swift in Sources */,
				A19900000000000000000001 /* ResearchView.swift in Sources */,
				A19900000000000000000002 /* StockScreenerView.swift in Sources */,
				A19900000000000000000003 /* AnalystConsensusView.swift in Sources */,
			);
			runOnlyForDeploymentPostprocessing = 0;
		};
		C199000000000000000000C0 /* Sources */ = {
			isa = PBXSourcesBuildPhase;
			buildActionMask = 2147483647;
			files = (
				A199000000000000000000A1 /* MoneyWeightedReturnCalculatorTests.swift in Sources */,
				A199000000000000000000A2 /* LocalPortfolioEngineTests.swift in Sources */,
				A199000000000000000000E4 /* PublicInvestorCatalogTests.swift in Sources */,
				A199000000000000000000A3 /* RealisedProfitCalculatorTests.swift in Sources */,
				A199000000000000000000A4 /* BrokerResultPreservationTests.swift in Sources */,
				A199000000000000000000A5 /* AnalystConsensusDataTests.swift in Sources */,
				A199000000000000000000A6 /* StockScreenerRulesTests.swift in Sources */,
				A199000000000000000000A7 /* Trading212FillDecodingTests.swift in Sources */,
				A199000000000000000000AD /* NasdaqAnalystLogicTests.swift in Sources */,
				A199000000000000000000C1 /* SectorAttributionTests.swift in Sources */,
				A19900000000000000FF51 /* UKShareMatchingTests.swift in Sources */,
				A19900000000000000FF40 /* FXImpactTests.swift in Sources */,
				A19900000000000000FF21 /* FundFeeTests.swift in Sources */,
				A199000000000000000000D7 /* TypographyTests.swift in Sources */,
				A199000000000000000000D2 /* StockSplitTests.swift in Sources */,
				AF5A00000000000000000001 /* ETFLookThroughExpansionTests.swift in Sources */,
				A199000000000000000000C2 /* CompanyCIKSeedTests.swift in Sources */,
			);
			runOnlyForDeploymentPostprocessing = 0;
		};
/* End PBXSourcesBuildPhase section */

/* Begin XCBuildConfiguration section */
		F20000000000000000000001 /* Debug */ = {
			isa = XCBuildConfiguration;
			buildSettings = {
				ENABLE_TESTABILITY = YES;
				ONLY_ACTIVE_ARCH = YES;
				SWIFT_ACTIVE_COMPILATION_CONDITIONS = "$(inherited) DEBUG";
				SWIFT_OPTIMIZATION_LEVEL = "-Onone";
				CLANG_ENABLE_MODULES = YES;
				ENABLE_TESTABILITY = YES;
				IPHONEOS_DEPLOYMENT_TARGET = 18.0;
				SDKROOT = iphoneos;
				SWIFT_VERSION = 5.0;
			};
			name = Debug;
		};
		F20000000000000000000002 /* Release */ = {
			isa = XCBuildConfiguration;
			buildSettings = {
				CLANG_ENABLE_MODULES = YES;
				IPHONEOS_DEPLOYMENT_TARGET = 18.0;
				SDKROOT = iphoneos;
				SWIFT_COMPILATION_MODE = wholemodule;
				SWIFT_VERSION = 5.0;
				VALIDATE_PRODUCT = YES;
			};
			name = Release;
		};
		F20000000000000000000003 /* Debug */ = {
			isa = XCBuildConfiguration;
			buildSettings = {
				ASSETCATALOG_COMPILER_APPICON_NAME = AppIcon;
				ASSETCATALOG_COMPILER_GLOBAL_ACCENT_COLOR_NAME = AccentColor;
				CODE_SIGN_STYLE = Automatic;
				CURRENT_PROJECT_VERSION = 1;
				DEVELOPMENT_ASSET_PATHS = "";
				DEVELOPMENT_TEAM = 2G5PCQU652;
				GENERATE_INFOPLIST_FILE = NO;
				INFOPLIST_FILE = CatfolioIOS/Info.plist;
				IPHONEOS_DEPLOYMENT_TARGET = 18.0;
				LD_RUNPATH_SEARCH_PATHS = (
					"$(inherited)",
					"@executable_path/Frameworks",
				);
				MARKETING_VERSION = 1.0;
				PRODUCT_BUNDLE_IDENTIFIER = com.catfolio.ios;
				PRODUCT_NAME = "$(TARGET_NAME)";
				SUPPORTED_PLATFORMS = "iphoneos iphonesimulator";
				SUPPORTS_MACCATALYST = NO;
				SWIFT_EMIT_LOC_STRINGS = YES;
				SWIFT_VERSION = 5.0;
				TARGETED_DEVICE_FAMILY = "1,2";
			};
			name = Debug;
		};
		F20000000000000000000004 /* Release */ = {
			isa = XCBuildConfiguration;
			buildSettings = {
				ASSETCATALOG_COMPILER_APPICON_NAME = AppIcon;
				ASSETCATALOG_COMPILER_GLOBAL_ACCENT_COLOR_NAME = AccentColor;
				CODE_SIGN_STYLE = Automatic;
				CURRENT_PROJECT_VERSION = 1;
				DEVELOPMENT_TEAM = 2G5PCQU652;
				GENERATE_INFOPLIST_FILE = NO;
				INFOPLIST_FILE = CatfolioIOS/Info.plist;
				IPHONEOS_DEPLOYMENT_TARGET = 18.0;
				LD_RUNPATH_SEARCH_PATHS = (
					"$(inherited)",
					"@executable_path/Frameworks",
				);
				MARKETING_VERSION = 1.0;
				PRODUCT_BUNDLE_IDENTIFIER = com.catfolio.ios;
				PRODUCT_NAME = "$(TARGET_NAME)";
				SUPPORTED_PLATFORMS = "iphoneos iphonesimulator";
				SUPPORTS_MACCATALYST = NO;
				SWIFT_EMIT_LOC_STRINGS = YES;
				SWIFT_VERSION = 5.0;
				TARGETED_DEVICE_FAMILY = "1,2";
			};
			name = Release;
		};
		F199000000000000000000F1 /* Debug */ = {
			isa = XCBuildConfiguration;
			buildSettings = {
				BUNDLE_LOADER = "$(TEST_HOST)";
				CODE_SIGN_STYLE = Automatic;
				DEVELOPMENT_TEAM = 2G5PCQU652;
				GENERATE_INFOPLIST_FILE = YES;
				IPHONEOS_DEPLOYMENT_TARGET = 18.0;
				PRODUCT_BUNDLE_IDENTIFIER = com.catfolio.ios.tests;
				PRODUCT_NAME = "$(TARGET_NAME)";
				SWIFT_VERSION = 5.0;
				TARGETED_DEVICE_FAMILY = "1,2";
				TEST_HOST = "$(BUILT_PRODUCTS_DIR)/CatfolioIOS.app/$(BUNDLE_EXECUTABLE_FOLDER_PATH)/CatfolioIOS";
			};
			name = Debug;
		};
		F199000000000000000000F2 /* Release */ = {
			isa = XCBuildConfiguration;
			buildSettings = {
				BUNDLE_LOADER = "$(TEST_HOST)";
				CODE_SIGN_STYLE = Automatic;
				DEVELOPMENT_TEAM = 2G5PCQU652;
				GENERATE_INFOPLIST_FILE = YES;
				IPHONEOS_DEPLOYMENT_TARGET = 18.0;
				PRODUCT_BUNDLE_IDENTIFIER = com.catfolio.ios.tests;
				PRODUCT_NAME = "$(TARGET_NAME)";
				SWIFT_VERSION = 5.0;
				TARGETED_DEVICE_FAMILY = "1,2";
				TEST_HOST = "$(BUILT_PRODUCTS_DIR)/CatfolioIOS.app/$(BUNDLE_EXECUTABLE_FOLDER_PATH)/CatfolioIOS";
			};
			name = Release;
		};
/* End XCBuildConfiguration section */

/* Begin XCConfigurationList section */
		F10000000000000000000001 /* Build configuration list for PBXProject "CatfolioIOS" */ = {
			isa = XCConfigurationList;
			buildConfigurations = (
				F20000000000000000000001 /* Debug */,
				F20000000000000000000002 /* Release */,
			);
			defaultConfigurationIsVisible = 0;
			defaultConfigurationName = Release;
		};
		F10000000000000000000002 /* Build configuration list for PBXNativeTarget "CatfolioIOS" */ = {
			isa = XCConfigurationList;
			buildConfigurations = (
				F20000000000000000000003 /* Debug */,
				F20000000000000000000004 /* Release */,
			);
			defaultConfigurationIsVisible = 0;
			defaultConfigurationName = Release;
		};
		F199000000000000000000F0 /* Build configuration list for PBXNativeTarget "CatfolioIOSTests" */ = {
			isa = XCConfigurationList;
			buildConfigurations = (
				F199000000000000000000F1 /* Debug */,
				F199000000000000000000F2 /* Release */,
			);
			defaultConfigurationIsVisible = 0;
			defaultConfigurationName = Release;
		};
/* End XCConfigurationList section */
	};
	rootObject = E10000000000000000000002 /* Project object */;
}
